// !$*UTF8*$!
{
	archiveVersion = 1;
	classes = {
	};
	objectVersion = 50;
	objects = {

/* Begin PBXBuildFile section */
		EED9084322E15D2700A6B9A2 /* AppDelegate.m in Sources */ = {isa = PBXBuildFile; fileRef = EED9084222E15D2700A6B9A2 /* AppDelegate.m */; };
		EED9084622E15D2700A6B9A2 /* ViewController.m in Sources */ = {isa = PBXBuildFile; fileRef = EED9084522E15D2700A6B9A2 /* ViewController.m */; };
		EED9084922E15D2700A6B9A2 /* Main.storyboard in Resources */ = {isa = PBXBuildFile; fileRef = EED9084722E15D2700A6B9A2 /* Main.storyboard */; };
		EED9084B22E15D2A00A6B9A2 /* Assets.xcassets in Resources */ = {isa = PBXBuildFile; fileRef = EED9084A22E15D2A00A6B9A2 /* Assets.xcassets */; };
		EED9084E22E15D2A00A6B9A2 /* LaunchScreen.storyboard in Resources */ = {isa = PBXBuildFile; fileRef = EED9084C22E15D2A00A6B9A2 /* LaunchScreen.storyboard */; };
		EED9085122E15D2A00A6B9A2 /* main.m in Sources */ = {isa = PBXBuildFile; fileRef = EED9085022E15D2A00A6B9A2 /* main.m */; };
		EED9085B22E15D2A00A6B9A2 /* LZWidgetsTests.m in Sources */ = {isa = PBXBuildFile; fileRef = EED9085A22E15D2A00A6B9A2 /* LZWidgetsTests.m */; };
		EED9086622E15D2A00A6B9A2 /* LZWidgetsUITests.m in Sources */ = {isa = PBXBuildFile; fileRef = EED9086522E15D2A00A6B9A2 /* LZWidgetsUITests.m */; };
		EED9087C22E1628300A6B9A2 /* LZPopMenuView.m in Sources */ = {isa = PBXBuildFile; fileRef = EED9087B22E1628300A6B9A2 /* LZPopMenuView.m */; };
		EED9088022E16BE300A6B9A2 /* LMPopCell.m in Sources */ = {isa = PBXBuildFile; fileRef = EED9087E22E16BE300A6B9A2 /* LMPopCell.m */; };
		EED9088122E16BE300A6B9A2 /* LMPopCell.xib in Resources */ = {isa = PBXBuildFile; fileRef = EED9087F22E16BE300A6B9A2 /* LMPopCell.xib */; };
		EED9088422E1738F00A6B9A2 /* LZConst.m in Sources */ = {isa = PBXBuildFile; fileRef = EED9088322E1738F00A6B9A2 /* LZConst.m */; };
		EED9088922E1880900A6B9A2 /* LZToolBox.m in Sources */ = {isa = PBXBuildFile; fileRef = EED9088822E1880900A6B9A2 /* LZToolBox.m */; };
/* End PBXBuildFile section */

/* Begin PBXContainerItemProxy section */
		EED9085722E15D2A00A6B9A2 /* PBXContainerItemProxy */ = {
			isa = PBXContainerItemProxy;
			containerPortal = EED9083622E15D2700A6B9A2 /* Project object */;
			proxyType = 1;
			remoteGlobalIDString = EED9083D22E15D2700A6B9A2;
			remoteInfo = LZWidgets;
		};
		EED9086222E15D2A00A6B9A2 /* PBXContainerItemProxy */ = {
			isa = PBXContainerItemProxy;
			containerPortal = EED9083622E15D2700A6B9A2 /* Project object */;
			proxyType = 1;
			remoteGlobalIDString = EED9083D22E15D2700A6B9A2;
			remoteInfo = LZWidgets;
		};
/* End PBXContainerItemProxy section */

/* Begin PBXFileReference section */
		EED9083E22E15D2700A6B9A2 /* LZWidgets.app */ = {isa = PBXFileReference; explicitFileType = wrapper.application; includeInIndex = 0; path = LZWidgets.app; sourceTree = BUILT_PRODUCTS_DIR; };
		EED9084122E15D2700A6B9A2 /* AppDelegate.h */ = {isa = PBXFileReference; lastKnownFileType = sourcecode.c.h; path = AppDelegate.h; sourceTree = "<group>"; };
		EED9084222E15D2700A6B9A2 /* AppDelegate.m */ = {isa = PBXFileReference; lastKnownFileType = sourcecode.c.objc; path = AppDelegate.m; sourceTree = "<group>"; };
		EED9084422E15D2700A6B9A2 /* ViewController.h */ = {isa = PBXFileReference; lastKnownFileType = sourcecode.c.h; path = ViewController.h; sourceTree = "<group>"; };
		EED9084522E15D2700A6B9A2 /* ViewController.m */ = {isa = PBXFileReference; lastKnownFileType = sourcecode.c.objc; path = ViewController.m; sourceTree = "<group>"; };
		EED9084822E15D2700A6B9A2 /* Base */ = {isa = PBXFileReference; lastKnownFileType = file.storyboard; name = Base; path = Base.lproj/Main.storyboard; sourceTree = "<group>"; };
		EED9084A22E15D2A00A6B9A2 /* Assets.xcassets */ = {isa = PBXFileReference; lastKnownFileType = folder.assetcatalog; path = Assets.xcassets; sourceTree = "<group>"; };
		EED9084D22E15D2A00A6B9A2 /* Base */ = {isa = PBXFileReference; lastKnownFileType = file.storyboard; name = Base; path = Base.lproj/LaunchScreen.storyboard; sourceTree = "<group>"; };
		EED9084F22E15D2A00A6B9A2 /* Info.plist */ = {isa = PBXFileReference; lastKnownFileType = text.plist.xml; path = Info.plist; sourceTree = "<group>"; };
		EED9085022E15D2A00A6B9A2 /* main.m */ = {isa = PBXFileReference; lastKnownFileType = sourcecode.c.objc; path = main.m; sourceTree = "<group>"; };
		EED9085622E15D2A00A6B9A2 /* LZWidgetsTests.xctest */ = {isa = PBXFileReference; explicitFileType = wrapper.cfbundle; includeInIndex = 0; path = LZWidgetsTests.xctest; sourceTree = BUILT_PRODUCTS_DIR; };
		EED9085A22E15D2A00A6B9A2 /* LZWidgetsTests.m */ = {isa = PBXFileReference; lastKnownFileType = sourcecode.c.objc; path = LZWidgetsTests.m; sourceTree = "<group>"; };
		EED9085C22E15D2A00A6B9A2 /* Info.plist */ = {isa = PBXFileReference; lastKnownFileType = text.plist.xml; path = Info.plist; sourceTree = "<group>"; };
		EED9086122E15D2A00A6B9A2 /* LZWidgetsUITests.xctest */ = {isa = PBXFileReference; explicitFileType = wrapper.cfbundle; includeInIndex = 0; path = LZWidgetsUITests.xctest; sourceTree = BUILT_PRODUCTS_DIR; };
		EED9086522E15D2A00A6B9A2 /* LZWidgetsUITests.m */ = {isa = PBXFileReference; lastKnownFileType = sourcecode.c.objc; path = LZWidgetsUITests.m; sourceTree = "<group>"; };
		EED9086722E15D2A00A6B9A2 /* Info.plist */ = {isa = PBXFileReference; lastKnownFileType = text.plist.xml; path = Info.plist; sourceTree = "<group>"; };
		EED9087A22E1628300A6B9A2 /* LZPopMenuView.h */ = {isa = PBXFileReference; lastKnownFileType = sourcecode.c.h; path = LZPopMenuView.h; sourceTree = "<group>"; };
		EED9087B22E1628300A6B9A2 /* LZPopMenuView.m */ = {isa = PBXFileReference; lastKnownFileType = sourcecode.c.objc; path = LZPopMenuView.m; sourceTree = "<group>"; };
		EED9087D22E16BE300A6B9A2 /* LMPopCell.h */ = {isa = PBXFileReference; lastKnownFileType = sourcecode.c.h; path = LMPopCell.h; sourceTree = "<group>"; };
		EED9087E22E16BE300A6B9A2 /* LMPopCell.m */ = {isa = PBXFileReference; lastKnownFileType = sourcecode.c.objc; path = LMPopCell.m; sourceTree = "<group>"; };
		EED9087F22E16BE300A6B9A2 /* LMPopCell.xib */ = {isa = PBXFileReference; lastKnownFileType = file.xib; path = LMPopCell.xib; sourceTree = "<group>"; };
		EED9088222E1738F00A6B9A2 /* LZConst.h */ = {isa = PBXFileReference; lastKnownFileType = sourcecode.c.h; path = LZConst.h; sourceTree = "<group>"; };
		EED9088322E1738F00A6B9A2 /* LZConst.m */ = {isa = PBXFileReference; lastKnownFileType = sourcecode.c.objc; path = LZConst.m; sourceTree = "<group>"; };
		EED9088722E1880900A6B9A2 /* LZToolBox.h */ = {isa = PBXFileReference; lastKnownFileType = sourcecode.c.h; path = LZToolBox.h; sourceTree = "<group>"; };
		EED9088822E1880900A6B9A2 /* LZToolBox.m */ = {isa = PBXFileReference; lastKnownFileType = sourcecode.c.objc; path = LZToolBox.m; sourceTree = "<group>"; };
/* End PBXFileReference section */

/* Begin PBXFrameworksBuildPhase section */
		EED9083B22E15D2700A6B9A2 /* Frameworks */ = {
			isa = PBXFrameworksBuildPhase;
			buildActionMask = 2147483647;
			files = (
			);
			runOnlyForDeploymentPostprocessing = 0;
		};
		EED9085322E15D2A00A6B9A2 /* Frameworks */ = {
			isa = PBXFrameworksBuildPhase;
			buildActionMask = 2147483647;
			files = (
			);
			runOnlyForDeploymentPostprocessing = 0;
		};
		EED9085E22E15D2A00A6B9A2 /* Frameworks */ = {
			isa = PBXFrameworksBuildPhase;
			buildActionMask = 2147483647;
			files = (
			);
			runOnlyForDeploymentPostprocessing = 0;
		};
/* End PBXFrameworksBuildPhase section */

/* Begin PBXGroup section */
		EED9083522E15D2700A6B9A2 = {
			isa = PBXGroup;
			children = (
				EED9084022E15D2700A6B9A2 /* LZWidgets */,
				EED9085922E15D2A00A6B9A2 /* LZWidgetsTests */,
				EED9086422E15D2A00A6B9A2 /* LZWidgetsUITests */,
				EED9083F22E15D2700A6B9A2 /* Products */,
			);
			sourceTree = "<group>";
		};
		EED9083F22E15D2700A6B9A2 /* Products */ = {
			isa = PBXGroup;
			children = (
				EED9083E22E15D2700A6B9A2 /* LZWidgets.app */,
				EED9085622E15D2A00A6B9A2 /* LZWidgetsTests.xctest */,
				EED9086122E15D2A00A6B9A2 /* LZWidgetsUITests.xctest */,
			);
			name = Products;
			sourceTree = "<group>";
		};
		EED9084022E15D2700A6B9A2 /* LZWidgets */ = {
			isa = PBXGroup;
			children = (
				EED9088522E187C300A6B9A2 /* Plugin */,
				EED9087922E1624600A6B9A2 /* LZPopMenuView */,
				EED9084122E15D2700A6B9A2 /* AppDelegate.h */,
				EED9084222E15D2700A6B9A2 /* AppDelegate.m */,
				EED9084422E15D2700A6B9A2 /* ViewController.h */,
				EED9084522E15D2700A6B9A2 /* ViewController.m */,
				EED9084722E15D2700A6B9A2 /* Main.storyboard */,
				EED9084A22E15D2A00A6B9A2 /* Assets.xcassets */,
				EED9084C22E15D2A00A6B9A2 /* LaunchScreen.storyboard */,
				EED9084F22E15D2A00A6B9A2 /* Info.plist */,
				EED9085022E15D2A00A6B9A2 /* main.m */,
			);
			path = LZWidgets;
			sourceTree = "<group>";
		};
		EED9085922E15D2A00A6B9A2 /* LZWidgetsTests */ = {
			isa = PBXGroup;
			children = (
				EED9085A22E15D2A00A6B9A2 /* LZWidgetsTests.m */,
				EED9085C22E15D2A00A6B9A2 /* Info.plist */,
			);
			path = LZWidgetsTests;
			sourceTree = "<group>";
		};
		EED9086422E15D2A00A6B9A2 /* LZWidgetsUITests */ = {
			isa = PBXGroup;
			children = (
				EED9086522E15D2A00A6B9A2 /* LZWidgetsUITests.m */,
				EED9086722E15D2A00A6B9A2 /* Info.plist */,
			);
			path = LZWidgetsUITests;
			sourceTree = "<group>";
		};
		EED9087922E1624600A6B9A2 /* LZPopMenuView */ = {
			isa = PBXGroup;
			children = (
				EED9087A22E1628300A6B9A2 /* LZPopMenuView.h */,
				EED9087B22E1628300A6B9A2 /* LZPopMenuView.m */,
				EED9087D22E16BE300A6B9A2 /* LMPopCell.h */,
				EED9087E22E16BE300A6B9A2 /* LMPopCell.m */,
				EED9087F22E16BE300A6B9A2 /* LMPopCell.xib */,
				EED9088222E1738F00A6B9A2 /* LZConst.h */,
				EED9088322E1738F00A6B9A2 /* LZConst.m */,
			);
			path = LZPopMenuView;
			sourceTree = "<group>";
		};
		EED9088522E187C300A6B9A2 /* Plugin */ = {
			isa = PBXGroup;
			children = (
				EED9088722E1880900A6B9A2 /* LZToolBox.h */,
				EED9088822E1880900A6B9A2 /* LZToolBox.m */,
			);
			path = Plugin;
			sourceTree = "<group>";
		};
/* End PBXGroup section */

/* Begin PBXNativeTarget section */
		EED9083D22E15D2700A6B9A2 /* LZWidgets */ = {
			isa = PBXNativeTarget;
			buildConfigurationList = EED9086A22E15D2A00A6B9A2 /* Build configuration list for PBXNativeTarget "LZWidgets" */;
			buildPhases = (
				EED9083A22E15D2700A6B9A2 /* Sources */,
				EED9083B22E15D2700A6B9A2 /* Frameworks */,
				EED9083C22E15D2700A6B9A2 /* Resources */,
			);
			buildRules = (
			);
			dependencies = (
			);
			name = LZWidgets;
			productName = LZWidgets;
			productReference = EED9083E22E15D2700A6B9A2 /* LZWidgets.app */;
			productType = "com.apple.product-type.application";
		};
		EED9085522E15D2A00A6B9A2 /* LZWidgetsTests */ = {
			isa = PBXNativeTarget;
			buildConfigurationList = EED9086D22E15D2A00A6B9A2 /* Build configuration list for PBXNativeTarget "LZWidgetsTests" */;
			buildPhases = (
				EED9085222E15D2A00A6B9A2 /* Sources */,
				EED9085322E15D2A00A6B9A2 /* Frameworks */,
				EED9085422E15D2A00A6B9A2 /* Resources */,
			);
			buildRules = (
			);
			dependencies = (
				EED9085822E15D2A00A6B9A2 /* PBXTargetDependency */,
			);
			name = LZWidgetsTests;
			productName = LZWidgetsTests;
			productReference = EED9085622E15D2A00A6B9A2 /* LZWidgetsTests.xctest */;
			productType = "com.apple.product-type.bundle.unit-test";
		};
		EED9086022E15D2A00A6B9A2 /* LZWidgetsUITests */ = {
			isa = PBXNativeTarget;
			buildConfigurationList = EED9087022E15D2A00A6B9A2 /* Build configuration list for PBXNativeTarget "LZWidgetsUITests" */;
			buildPhases = (
				EED9085D22E15D2A00A6B9A2 /* Sources */,
				EED9085E22E15D2A00A6B9A2 /* Frameworks */,
				EED9085F22E15D2A00A6B9A2 /* Resources */,
			);
			buildRules = (
			);
			dependencies = (
				EED9086322E15D2A00A6B9A2 /* PBXTargetDependency */,
			);
			name = LZWidgetsUITests;
			productName = LZWidgetsUITests;
			productReference = EED9086122E15D2A00A6B9A2 /* LZWidgetsUITests.xctest */;
			productType = "com.apple.product-type.bundle.ui-testing";
		};
/* End PBXNativeTarget section */

/* Begin PBXProject section */
		EED9083622E15D2700A6B9A2 /* Project object */ = {
			isa = PBXProject;
			attributes = {
				LastUpgradeCheck = 1010;
				ORGANIZATIONNAME = Tony;
				TargetAttributes = {
					EED9083D22E15D2700A6B9A2 = {
						CreatedOnToolsVersion = 10.1;
					};
					EED9085522E15D2A00A6B9A2 = {
						CreatedOnToolsVersion = 10.1;
						TestTargetID = EED9083D22E15D2700A6B9A2;
					};
					EED9086022E15D2A00A6B9A2 = {
						CreatedOnToolsVersion = 10.1;
						TestTargetID = EED9083D22E15D2700A6B9A2;
					};
				};
			};
			buildConfigurationList = EED9083922E15D2700A6B9A2 /* Build configuration list for PBXProject "LZWidgets" */;
			compatibilityVersion = "Xcode 9.3";
			developmentRegion = en;
			hasScannedForEncodings = 0;
			knownRegions = (
				en,
				Base,
			);
			mainGroup = EED9083522E15D2700A6B9A2;
			productRefGroup = EED9083F22E15D2700A6B9A2 /* Products */;
			projectDirPath = "";
			projectRoot = "";
			targets = (
				EED9083D22E15D2700A6B9A2 /* LZWidgets */,
				EED9085522E15D2A00A6B9A2 /* LZWidgetsTests */,
				EED9086022E15D2A00A6B9A2 /* LZWidgetsUITests */,
			);
		};
/* End PBXProject section */

/* Begin PBXResourcesBuildPhase section */
		EED9083C22E15D2700A6B9A2 /* Resources */ = {
			isa = PBXResourcesBuildPhase;
			buildActionMask = 2147483647;
			files = (
				EED9084E22E15D2A00A6B9A2 /* LaunchScreen.storyboard in Resources */,
				EED9084B22E15D2A00A6B9A2 /* Assets.xcassets in Resources */,
				EED9088122E16BE300A6B9A2 /* LMPopCell.xib in Resources */,
				EED9084922E15D2700A6B9A2 /* Main.storyboard in Resources */,
			);
			runOnlyForDeploymentPostprocessing = 0;
		};
		EED9085422E15D2A00A6B9A2 /* Resources */ = {
			isa = PBXResourcesBuildPhase;
			buildActionMask = 2147483647;
			files = (
			);
			runOnlyForDeploymentPostprocessing = 0;
		};
		EED9085F22E15D2A00A6B9A2 /* Resources */ = {
			isa = PBXResourcesBuildPhase;
			buildActionMask = 2147483647;
			files = (
			);
			runOnlyForDeploymentPostprocessing = 0;
		};
/* End PBXResourcesBuildPhase section */

/* Begin PBXSourcesBuildPhase section */
		EED9083A22E15D2700A6B9A2 /* Sources */ = {
			isa = PBXSourcesBuildPhase;
			buildActionMask = 2147483647;
			files = (
				EED9088922E1880900A6B9A2 /* LZToolBox.m in Sources */,
				EED9088022E16BE300A6B9A2 /* LMPopCell.m in Sources */,
				EED9084622E15D2700A6B9A2 /* ViewController.m in Sources */,
				EED9085122E15D2A00A6B9A2 /* main.m in Sources */,
				EED9088422E1738F00A6B9A2 /* LZConst.m in Sources */,
				EED9084322E15D2700A6B9A2 /* AppDelegate.m in Sources */,
				EED9087C22E1628300A6B9A2 /* LZPopMenuView.m in Sources */,
			);
			runOnlyForDeploymentPostprocessing = 0;
		};
		EED9085222E15D2A00A6B9A2 /* Sources */ = {
			isa = PBXSourcesBuildPhase;
			buildActionMask = 2147483647;
			files = (
				EED9085B22E15D2A00A6B9A2 /* LZWidgetsTests.m in Sources */,
			);
			runOnlyForDeploymentPostprocessing = 0;
		};
		EED9085D22E15D2A00A6B9A2 /* Sources */ = {
			isa = PBXSourcesBuildPhase;
			buildActionMask = 2147483647;
			files = (
				EED9086622E15D2A00A6B9A2 /* LZWidgetsUITests.m in Sources */,
			);
			runOnlyForDeploymentPostprocessing = 0;
		};
/* End PBXSourcesBuildPhase section */

/* Begin PBXTargetDependency section */
		EED9085822E15D2A00A6B9A2 /* PBXTargetDependency */ = {
			isa = PBXTargetDependency;
			target = EED9083D22E15D2700A6B9A2 /* LZWidgets */;
			targetProxy = EED9085722E15D2A00A6B9A2 /* PBXContainerItemProxy */;
		};
		EED9086322E15D2A00A6B9A2 /* PBXTargetDependency */ = {
			isa = PBXTargetDependency;
			target = EED9083D22E15D2700A6B9A2 /* LZWidgets */;
			targetProxy = EED9086222E15D2A00A6B9A2 /* PBXContainerItemProxy */;
		};
/* End PBXTargetDependency section */

/* Begin PBXVariantGroup section */
		EED9084722E15D2700A6B9A2 /* Main.storyboard */ = {
			isa = PBXVariantGroup;
			children = (
				EED9084822E15D2700A6B9A2 /* Base */,
			);
			name = Main.storyboard;
			sourceTree = "<group>";
		};
		EED9084C22E15D2A00A6B9A2 /* LaunchScreen.storyboard */ = {
			isa = PBXVariantGroup;
			children = (
				EED9084D22E15D2A00A6B9A2 /* Base */,
			);
			name = LaunchScreen.storyboard;
			sourceTree = "<group>";
		};
/* End PBXVariantGroup section */

/* Begin XCBuildConfiguration section */
		EED9086822E15D2A00A6B9A2 /* Debug */ = {
			isa = XCBuildConfiguration;
			buildSettings = {
				ALWAYS_SEARCH_USER_PATHS = NO;
				CLANG_ANALYZER_NONNULL = YES;
				CLANG_ANALYZER_NUMBER_OBJECT_CONVERSION = YES_AGGRESSIVE;
				CLANG_CXX_LANGUAGE_STANDARD = "gnu++14";
				CLANG_CXX_LIBRARY = "libc++";
				CLANG_ENABLE_MODULES = YES;
				CLANG_ENABLE_OBJC_ARC = YES;
				CLANG_ENABLE_OBJC_WEAK = YES;
				CLANG_WARN_BLOCK_CAPTURE_AUTORELEASING = YES;
				CLANG_WARN_BOOL_CONVERSION = YES;
				CLANG_WARN_COMMA = YES;
				CLANG_WARN_CONSTANT_CONVERSION = YES;
				CLANG_WARN_DEPRECATED_OBJC_IMPLEMENTATIONS = YES;
				CLANG_WARN_DIRECT_OBJC_ISA_USAGE = YES_ERROR;
				CLANG_WARN_DOCUMENTATION_COMMENTS = YES;
				CLANG_WARN_EMPTY_BODY = YES;
				CLANG_WARN_ENUM_CONVERSION = YES;
				CLANG_WARN_INFINITE_RECURSION = YES;
				CLANG_WARN_INT_CONVERSION = YES;
				CLANG_WARN_NON_LITERAL_NULL_CONVERSION = YES;
				CLANG_WARN_OBJC_IMPLICIT_RETAIN_SELF = YES;
				CLANG_WARN_OBJC_LITERAL_CONVERSION = YES;
				CLANG_WARN_OBJC_ROOT_CLASS = YES_ERROR;
				CLANG_WARN_RANGE_LOOP_ANALYSIS = YES;
				CLANG_WARN_STRICT_PROTOTYPES = YES;
				CLANG_WARN_SUSPICIOUS_MOVE = YES;
				CLANG_WARN_UNGUARDED_AVAILABILITY = YES_AGGRESSIVE;
				CLANG_WARN_UNREACHABLE_CODE = YES;
				CLANG_WARN__DUPLICATE_METHOD_MATCH = YES;
				CODE_SIGN_IDENTITY = "iPhone Developer";
				COPY_PHASE_STRIP = NO;
				DEBUG_INFORMATION_FORMAT = dwarf;
				ENABLE_STRICT_OBJC_MSGSEND = YES;
				ENABLE_TESTABILITY = YES;
				GCC_C_LANGUAGE_STANDARD = gnu11;
				GCC_DYNAMIC_NO_PIC = NO;
				GCC_NO_COMMON_BLOCKS = YES;
				GCC_OPTIMIZATION_LEVEL = 0;
				GCC_PREPROCESSOR_DEFINITIONS = (
					"DEBUG=1",
					"$(inherited)",
				);
				GCC_WARN_64_TO_32_BIT_CONVERSION = YES;
				GCC_WARN_ABOUT_RETURN_TYPE = YES_ERROR;
				GCC_WARN_UNDECLARED_SELECTOR = YES;
				GCC_WARN_UNINITIALIZED_AUTOS = YES_AGGRESSIVE;
				GCC_WARN_UNUSED_FUNCTION = YES;
				GCC_WARN_UNUSED_VARIABLE = YES;
				IPHONEOS_DEPLOYMENT_TARGET = 9.1;
				MTL_ENABLE_DEBUG_INFO = INCLUDE_SOURCE;
				MTL_FAST_MATH = YES;
				ONLY_ACTIVE_ARCH = YES;
				SDKROOT = iphoneos;
			};
			name = Debug;
		};
		EED9086922E15D2A00A6B9A2 /* Release */ = {
			isa = XCBuildConfiguration;
			buildSettings = {
				ALWAYS_SEARCH_USER_PATHS = NO;
				CLANG_ANALYZER_NONNULL = YES;
				CLANG_ANALYZER_NUMBER_OBJECT_CONVERSION = YES_AGGRESSIVE;
				CLANG_CXX_LANGUAGE_STANDARD = "gnu++14";
				CLANG_CXX_LIBRARY = "libc++";
				CLANG_ENABLE_MODULES = YES;
				CLANG_ENABLE_OBJC_ARC = YES;
				CLANG_ENABLE_OBJC_WEAK = YES;
				CLANG_WARN_BLOCK_CAPTURE_AUTORELEASING = YES;
				CLANG_WARN_BOOL_CONVERSION = YES;
				CLANG_WARN_COMMA = YES;
				CLANG_WARN_CONSTANT_CONVERSION = YES;
				CLANG_WARN_DEPRECATED_OBJC_IMPLEMENTATIONS = YES;
				CLANG_WARN_DIRECT_OBJC_ISA_USAGE = YES_ERROR;
				CLANG_WARN_DOCUMENTATION_COMMENTS = YES;
				CLANG_WARN_EMPTY_BODY = YES;
				CLANG_WARN_ENUM_CONVERSION = YES;
				CLANG_WARN_INFINITE_RECURSION = YES;
				CLANG_WARN_INT_CONVERSION = YES;
				CLANG_WARN_NON_LITERAL_NULL_CONVERSION = YES;
				CLANG_WARN_OBJC_IMPLICIT_RETAIN_SELF = YES;
				CLANG_WARN_OBJC_LITERAL_CONVERSION = YES;
				CLANG_WARN_OBJC_ROOT_CLASS = YES_ERROR;
				CLANG_WARN_RANGE_LOOP_ANALYSIS = YES;
				CLANG_WARN_STRICT_PROTOTYPES = YES;
				CLANG_WARN_SUSPICIOUS_MOVE = YES;
				CLANG_WARN_UNGUARDED_AVAILABILITY = YES_AGGRESSIVE;
				CLANG_WARN_UNREACHABLE_CODE = YES;
				CLANG_WARN__DUPLICATE_METHOD_MATCH = YES;
				CODE_SIGN_IDENTITY = "iPhone Developer";
				COPY_PHASE_STRIP = NO;
				DEBUG_INFORMATION_FORMAT = "dwarf-with-dsym";
				ENABLE_NS_ASSERTIONS = NO;
				ENABLE_STRICT_OBJC_MSGSEND = YES;
				GCC_C_LANGUAGE_STANDARD = gnu11;
				GCC_NO_COMMON_BLOCKS = YES;
				GCC_WARN_64_TO_32_BIT_CONVERSION = YES;
				GCC_WARN_ABOUT_RETURN_TYPE = YES_ERROR;
				GCC_WARN_UNDECLARED_SELECTOR = YES;
				GCC_WARN_UNINITIALIZED_AUTOS = YES_AGGRESSIVE;
				GCC_WARN_UNUSED_FUNCTION = YES;
				GCC_WARN_UNUSED_VARIABLE = YES;
				IPHONEOS_DEPLOYMENT_TARGET = 9.1;
				MTL_ENABLE_DEBUG_INFO = NO;
				MTL_FAST_MATH = YES;
				SDKROOT = iphoneos;
				VALIDATE_PRODUCT = YES;
			};
			name = Release;
		};
		EED9086B22E15D2A00A6B9A2 /* Debug */ = {
			isa = XCBuildConfiguration;
			buildSettings = {
				ASSETCATALOG_COMPILER_APPICON_NAME = AppIcon;
				CODE_SIGN_STYLE = Automatic;
				DEVELOPMENT_TEAM = ZAEG6YPEMR;
				INFOPLIST_FILE = LZWidgets/Info.plist;
				IPHONEOS_DEPLOYMENT_TARGET = 9.1;
				LD_RUNPATH_SEARCH_PATHS = (
					"$(inherited)",
					"@executable_path/Frameworks",
				);
				PRODUCT_BUNDLE_IDENTIFIER = com.manniu.LZWidgets.lmz;
				PRODUCT_NAME = "$(TARGET_NAME)";
				TARGETED_DEVICE_FAMILY = "1,2";
			};
			name = Debug;
		};
		EED9086C22E15D2A00A6B9A2 /* Release */ = {
			isa = XCBuildConfiguration;
			buildSettings = {
				ASSETCATALOG_COMPILER_APPICON_NAME = AppIcon;
				CODE_SIGN_STYLE = Automatic;
				DEVELOPMENT_TEAM = ZAEG6YPEMR;
				INFOPLIST_FILE = LZWidgets/Info.plist;
				IPHONEOS_DEPLOYMENT_TARGET = 9.1;
				LD_RUNPATH_SEARCH_PATHS = (
					"$(inherited)",
					"@executable_path/Frameworks",
				);
				PRODUCT_BUNDLE_IDENTIFIER = com.manniu.LZWidgets.lmz;
				PRODUCT_NAME = "$(TARGET_NAME)";
				TARGETED_DEVICE_FAMILY = "1,2";
			};
			name = Release;
		};
		EED9086E22E15D2A00A6B9A2 /* Debug */ = {
			isa = XCBuildConfiguration;
			buildSettings = {
				BUNDLE_LOADER = "$(TEST_HOST)";
				CODE_SIGN_STYLE = Automatic;
				DEVELOPMENT_TEAM = XYFPU28B7N;
				INFOPLIST_FILE = LZWidgetsTests/Info.plist;
				LD_RUNPATH_SEARCH_PATHS = (
					"$(inherited)",
					"@executable_path/Frameworks",
					"@loader_path/Frameworks",
				);
				PRODUCT_BUNDLE_IDENTIFIER = com.manniu.LZWidgetsTests;
				PRODUCT_NAME = "$(TARGET_NAME)";
				TARGETED_DEVICE_FAMILY = "1,2";
				TEST_HOST = "$(BUILT_PRODUCTS_DIR)/LZWidgets.app/LZWidgets";
			};
			name = Debug;
		};
		EED9086F22E15D2A00A6B9A2 /* Release */ = {
			isa = XCBuildConfiguration;
			buildSettings = {
				BUNDLE_LOADER = "$(TEST_HOST)";
				CODE_SIGN_STYLE = Automatic;
				DEVELOPMENT_TEAM = XYFPU28B7N;
				INFOPLIST_FILE = LZWidgetsTests/Info.plist;
				LD_RUNPATH_SEARCH_PATHS = (
					"$(inherited)",
					"@executable_path/Frameworks",
					"@loader_path/Frameworks",
				);
				PRODUCT_BUNDLE_IDENTIFIER = com.manniu.LZWidgetsTests;
				PRODUCT_NAME = "$(TARGET_NAME)";
				TARGETED_DEVICE_FAMILY = "1,2";
				TEST_HOST = "$(BUILT_PRODUCTS_DIR)/LZWidgets.app/LZWidgets";
			};
			name = Release;
		};
		EED9087122E15D2A00A6B9A2 /* Debug */ = {
			isa = XCBuildConfiguration;
			buildSettings = {
				CODE_SIGN_STYLE = Automatic;
				DEVELOPMENT_TEAM = XYFPU28B7N;
				INFOPLIST_FILE = LZWidgetsUITests/Info.plist;
				LD_RUNPATH_SEARCH_PATHS = (
					"$(inherited)",
					"@executable_path/Frameworks",
					"@loader_path/Frameworks",
				);
				PRODUCT_BUNDLE_IDENTIFIER = com.manniu.LZWidgetsUITests;
				PRODUCT_NAME = "$(TARGET_NAME)";
				TARGETED_DEVICE_FAMILY = "1,2";
				TEST_TARGET_NAME = LZWidgets;
			};
			name = Debug;
		};
		EED9087222E15D2A00A6B9A2 /* Release */ = {
			isa = XCBuildConfiguration;
			buildSettings = {
				CODE_SIGN_STYLE = Automatic;
				DEVELOPMENT_TEAM = XYFPU28B7N;
				INFOPLIST_FILE = LZWidgetsUITests/Info.plist;
				LD_RUNPATH_SEARCH_PATHS = (
					"$(inherited)",
					"@executable_path/Frameworks",
					"@loader_path/Frameworks",
				);
				PRODUCT_BUNDLE_IDENTIFIER = com.manniu.LZWidgetsUITests;
				PRODUCT_NAME = "$(TARGET_NAME)";
				TARGETED_DEVICE_FAMILY = "1,2";
				TEST_TARGET_NAME = LZWidgets;
			};
			name = Release;
		};
/* End XCBuildConfiguration section */

/* Begin XCConfigurationList section */
		EED9083922E15D2700A6B9A2 /* Build configuration list for PBXProject "LZWidgets" */ = {
			isa = XCConfigurationList;
			buildConfigurations = (
				EED9086822E15D2A00A6B9A2 /* Debug */,
				EED9086922E15D2A00A6B9A2 /* Release */,
			);
			defaultConfigurationIsVisible = 0;
			defaultConfigurationName = Release;
		};
		EED9086A22E15D2A00A6B9A2 /* Build configuration list for PBXNativeTarget "LZWidgets" */ = {
			isa = XCConfigurationList;
			buildConfigurations = (
				EED9086B22E15D2A00A6B9A2 /* Debug */,
				EED9086C22E15D2A00A6B9A2 /* Release */,
			);
			defaultConfigurationIsVisible = 0;
			defaultConfigurationName = Release;
		};
		EED9086D22E15D2A00A6B9A2 /* Build configuration list for PBXNativeTarget "LZWidgetsTests" */ = {
			isa = XCConfigurationList;
			buildConfigurations = (
				EED9086E22E15D2A00A6B9A2 /* Debug */,
				EED9086F22E15D2A00A6B9A2 /* Release */,
			);
			defaultConfigurationIsVisible = 0;
			defaultConfigurationName = Release;
		};
		EED9087022E15D2A00A6B9A2 /* Build configuration list for PBXNativeTarget "LZWidgetsUITests" */ = {
			isa = XCConfigurationList;
			buildConfigurations = (
				EED9087122E15D2A00A6B9A2 /* Debug */,
				EED9087222E15D2A00A6B9A2 /* Release */,
			);
			defaultConfigurationIsVisible = 0;
			defaultConfigurationName = Release;
		};
/* End XCConfigurationList section */
	};
	rootObject = EED9083622E15D2700A6B9A2 /* Project object */;
}
